
Microsoft Visual Studio Solution File, Format Version 12.00
# Visual Studio Version 17
VisualStudioVersion = 17.9.34728.123
MinimumVisualStudioVersion = 10.0.40219.1
Project("{FAE04EC0-301F-11D3-BF4B-00C04F79EFBC}") = "URLShortenerAPI", "URLShortenerAPI.csproj", "{9831A6E9-F2C6-404E-A812-A10285361686}"
EndProject
Global
	GlobalSection(SolutionConfigurationPlatforms) = preSolution
		Debug|Any CPU = Debug|Any CPU
		Release|Any CPU = Release|Any CPU
	EndGlobalSection
	GlobalSection(ProjectConfigurationPlatforms) = postSolution
		{9831A6E9-F2C6-404E-A812-A10285361686}.Debug|Any CPU.ActiveCfg = Debug|Any CPU
		{9831A6E9-F2C6-404E-A812-A10285361686}.Debug|Any CPU.Build.0 = Debug|Any CPU
		{9831A6E9-F2C6-404E-A812-A10285361686}.Release|Any CPU.ActiveCfg = Release|Any CPU
		{9831A6E9-F2C6-404E-A812-A10285361686}.Release|Any CPU.Build.0 = Release|Any CPU
	EndGlobalSection
	GlobalSection(SolutionProperties) = preSolution
		HideSolutionNode = FALSE
	EndGlobalSection
	GlobalSection(ExtensibilityGlobals) = postSolution
		SolutionGuid = {9625E14C-2153-46F9-96E3-FB30146A5518}
	EndGlobalSection
EndGlobal
